// !$*UTF8*$!
{
	archiveVersion = 1;
	classes = {
	};
	objectVersion = 50;
	objects = {

/* Begin PBXBuildFile section */
		2A19295D267BF01B00B58978 /* WorkoutTogetherApp.swift in Sources */ = {isa = PBXBuildFile; fileRef = 2A19295C267BF01B00B58978 /* WorkoutTogetherApp.swift */; };
		2A19295F267BF01B00B58978 /* ContentView.swift in Sources */ = {isa = PBXBuildFile; fileRef = 2A19295E267BF01B00B58978 /* ContentView.swift */; };
		2A192961267BF01C00B58978 /* Assets.xcassets in Resources */ = {isa = PBXBuildFile; fileRef = 2A192960267BF01C00B58978 /* Assets.xcassets */; };
		2A192964267BF01C00B58978 /* Preview Assets.xcassets in Resources */ = {isa = PBXBuildFile; fileRef = 2A192963267BF01C00B58978 /* Preview Assets.xcassets */; };
		2A19296F267BF01C00B58978 /* WorkoutTogetherTests.swift in Sources */ = {isa = PBXBuildFile; fileRef = 2A19296E267BF01C00B58978 /* WorkoutTogetherTests.swift */; };
		2A19297A267BF01C00B58978 /* WorkoutTogetherUITests.swift in Sources */ = {isa = PBXBuildFile; fileRef = 2A192979267BF01C00B58978 /* WorkoutTogetherUITests.swift */; };
/* End PBXBuildFile section */

/* Begin PBXContainerItemProxy section */
		2A19296B267BF01C00B58978 /* PBXContainerItemProxy */ = {
			isa = PBXContainerItemProxy;
			containerPortal = 2A192951267BF01B00B58978 /* Project object */;
			proxyType = 1;
			remoteGlobalIDString = 2A192958267BF01B00B58978;
			remoteInfo = WorkoutTogether;
		};
		2A192976267BF01C00B58978 /* PBXContainerItemProxy */ = {
			isa = PBXContainerItemProxy;
			containerPortal = 2A192951267BF01B00B58978 /* Project object */;
			proxyType = 1;
			remoteGlobalIDString = 2A192958267BF01B00B58978;
			remoteInfo = WorkoutTogether;
		};
/* End PBXContainerItemProxy section */

/* Begin PBXFileReference section */
		2A192959267BF01B00B58978 /* WorkoutTogether.app */ = {isa = PBXFileReference; explicitFileType = wrapper.application; includeInIndex = 0; path = WorkoutTogether.app; sourceTree = BUILT_PRODUCTS_DIR; };
		2A19295C267BF01B00B58978 /* WorkoutTogetherApp.swift */ = {isa = PBXFileReference; lastKnownFileType = sourcecode.swift; path = WorkoutTogetherApp.swift; sourceTree = "<group>"; };
		2A19295E267BF01B00B58978 /* ContentView.swift */ = {isa = PBXFileReference; lastKnownFileType = sourcecode.swift; path = ContentView.swift; sourceTree = "<group>"; };
		2A192960267BF01C00B58978 /* Assets.xcassets */ = {isa = PBXFileReference; lastKnownFileType = folder.assetcatalog; path = Assets.xcassets; sourceTree = "<group>"; };
		2A192963267BF01C00B58978 /* Preview Assets.xcassets */ = {isa = PBXFileReference; lastKnownFileType = folder.assetcatalog; path = "Preview Assets.xcassets"; sourceTree = "<group>"; };
		2A192965267BF01C00B58978 /* Info.plist */ = {isa = PBXFileReference; lastKnownFileType = text.plist.xml; path = Info.plist; sourceTree = "<group>"; };
		2A19296A267BF01C00B58978 /* WorkoutTogetherTests.xctest */ = {isa = PBXFileReference; explicitFileType = wrapper.cfbundle; includeInIndex = 0; path = WorkoutTogetherTests.xctest; sourceTree = BUILT_PRODUCTS_DIR; };
		2A19296E267BF01C00B58978 /* WorkoutTogetherTests.swift */ = {isa = PBXFileReference; lastKnownFileType = sourcecode.swift; path = WorkoutTogetherTests.swift; sourceTree = "<group>"; };
		2A192970267BF01C00B58978 /* Info.plist */ = {isa = PBXFileReference; lastKnownFileType = text.plist.xml; path = Info.plist; sourceTree = "<group>"; };
		2A192975267BF01C00B58978 /* WorkoutTogetherUITests.xctest */ = {isa = PBXFileReference; explicitFileType = wrapper.cfbundle; includeInIndex = 0; path = WorkoutTogetherUITests.xctest; sourceTree = BUILT_PRODUCTS_DIR; };
		2A192979267BF01C00B58978 /* WorkoutTogetherUITests.swift */ = {isa = PBXFileReference; lastKnownFileType = sourcecode.swift; path = WorkoutTogetherUITests.swift; sourceTree = "<group>"; };
		2A19297B267BF01C00B58978 /* Info.plist */ = {isa = PBXFileReference; lastKnownFileType = text.plist.xml; path = Info.plist; sourceTree = "<group>"; };
/* End PBXFileReference section */

/* Begin PBXFrameworksBuildPhase section */
		2A192956267BF01B00B58978 /* Frameworks */ = {
			isa = PBXFrameworksBuildPhase;
			buildActionMask = 2147483647;
			files = (
			);
			runOnlyForDeploymentPostprocessing = 0;
		};
		2A192967267BF01C00B58978 /* Frameworks */ = {
			isa = PBXFrameworksBuildPhase;
			buildActionMask = 2147483647;
			files = (
			);
			runOnlyForDeploymentPostprocessing = 0;
		};
		2A192972267BF01C00B58978 /* Frameworks */ = {
			isa = PBXFrameworksBuildPhase;
			buildActionMask = 2147483647;
			files = (
			);
			runOnlyForDeploymentPostprocessing = 0;
		};
/* End PBXFrameworksBuildPhase section */

/* Begin PBXGroup section */
		2A192950267BF01B00B58978 = {
			isa = PBXGroup;
			children = (
				2A19295B267BF01B00B58978 /* WorkoutTogether */,
				2A19296D267BF01C00B58978 /* WorkoutTogetherTests */,
				2A192978267BF01C00B58978 /* WorkoutTogetherUITests */,
				2A19295A267BF01B00B58978 /* Products */,
			);
			sourceTree = "<group>";
		};
		2A19295A267BF01B00B58978 /* Products */ = {
			isa = PBXGroup;
			children = (
				2A192959267BF01B00B58978 /* WorkoutTogether.app */,
				2A19296A267BF01C00B58978 /* WorkoutTogetherTests.xctest */,
				2A192975267BF01C00B58978 /* WorkoutTogetherUITests.xctest */,
			);
			name = Products;
			sourceTree = "<group>";
		};
		2A19295B267BF01B00B58978 /* WorkoutTogether */ = {
			isa = PBXGroup;
			children = (
				2A19295C267BF01B00B58978 /* WorkoutTogetherApp.swift */,
				2A19295E267BF01B00B58978 /* ContentView.swift */,
				2A192960267BF01C00B58978 /* Assets.xcassets */,
				2A192965267BF01C00B58978 /* Info.plist */,
				2A192962267BF01C00B58978 /* Preview Content */,
			);
			path = WorkoutTogether;
			sourceTree = "<group>";
		};
		2A192962267BF01C00B58978 /* Preview Content */ = {
			isa = PBXGroup;
			children = (
				2A192963267BF01C00B58978 /* Preview Assets.xcassets */,
			);
			path = "Preview Content";
			sourceTree = "<group>";
		};
		2A19296D267BF01C00B58978 /* WorkoutTogetherTests */ = {
			isa = PBXGroup;
			children = (
				2A19296E267BF01C00B58978 /* WorkoutTogetherTests.swift */,
				2A192970267BF01C00B58978 /* Info.plist */,
			);
			path = WorkoutTogetherTests;
			sourceTree = "<group>";
		};
		2A192978267BF01C00B58978 /* WorkoutTogetherUITests */ = {
			isa = PBXGroup;
			children = (
				2A192979267BF01C00B58978 /* WorkoutTogetherUITests.swift */,
				2A19297B267BF01C00B58978 /* Info.plist */,
			);
			path = WorkoutTogetherUITests;
			sourceTree = "<group>";
		};
/* End PBXGroup section */

/* Begin PBXNativeTarget section */
		2A192958267BF01B00B58978 /* WorkoutTogether */ = {
			isa = PBXNativeTarget;
			buildConfigurationList = 2A19297E267BF01C00B58978 /* Build configuration list for PBXNativeTarget "WorkoutTogether" */;
			buildPhases = (
				2A192955267BF01B00B58978 /* Sources */,
				2A192956267BF01B00B58978 /* Frameworks */,
				2A192957267BF01B00B58978 /* Resources */,
			);
			buildRules = (
			);
			dependencies = (
			);
			name = WorkoutTogether;
			productName = WorkoutTogether;
			productReference = 2A192959267BF01B00B58978 /* WorkoutTogether.app */;
			productType = "com.apple.product-type.application";
		};
		2A192969267BF01C00B58978 /* WorkoutTogetherTests */ = {
			isa = PBXNativeTarget;
			buildConfigurationList = 2A192981267BF01C00B58978 /* Build configuration list for PBXNativeTarget "WorkoutTogetherTests" */;
			buildPhases = (
				2A192966267BF01C00B58978 /* Sources */,
				2A192967267BF01C00B58978 /* Frameworks */,
				2A192968267BF01C00B58978 /* Resources */,
			);
			buildRules = (
			);
			dependencies = (
				2A19296C267BF01C00B58978 /* PBXTargetDependency */,
			);
			name = WorkoutTogetherTests;
			productName = WorkoutTogetherTests;
			productReference = 2A19296A267BF01C00B58978 /* WorkoutTogetherTests.xctest */;
			productType = "com.apple.product-type.bundle.unit-test";
		};
		2A192974267BF01C00B58978 /* WorkoutTogetherUITests */ = {
			isa = PBXNativeTarget;
			buildConfigurationList = 2A192984267BF01C00B58978 /* Build configuration list for PBXNativeTarget "WorkoutTogetherUITests" */;
			buildPhases = (
				2A192971267BF01C00B58978 /* Sources */,
				2A192972267BF01C00B58978 /* Frameworks */,
				2A192973267BF01C00B58978 /* Resources */,
			);
			buildRules = (
			);
			dependencies = (
				2A192977267BF01C00B58978 /* PBXTargetDependency */,
			);
			name = WorkoutTogetherUITests;
			productName = WorkoutTogetherUITests;
			productReference = 2A192975267BF01C00B58978 /* WorkoutTogetherUITests.xctest */;
			productType = "com.apple.product-type.bundle.ui-testing";
		};
/* End PBXNativeTarget section */

/* Begin PBXProject section */
		2A192951267BF01B00B58978 /* Project object */ = {
			isa = PBXProject;
			attributes = {
				LastSwiftUpdateCheck = 1250;
				LastUpgradeCheck = 1250;
				TargetAttributes = {
					2A192958267BF01B00B58978 = {
						CreatedOnToolsVersion = 12.5;
					};
					2A192969267BF01C00B58978 = {
						CreatedOnToolsVersion = 12.5;
						TestTargetID = 2A192958267BF01B00B58978;
					};
					2A192974267BF01C00B58978 = {
						CreatedOnToolsVersion = 12.5;
						TestTargetID = 2A192958267BF01B00B58978;
					};
				};
			};
			buildConfigurationList = 2A192954267BF01B00B58978 /* Build configuration list for PBXProject "WorkoutTogether" */;
			compatibilityVersion = "Xcode 9.3";
			developmentRegion = en;
			hasScannedForEncodings = 0;
			knownRegions = (
				en,
				Base,
			);
			mainGroup = 2A192950267BF01B00B58978;
			productRefGroup = 2A19295A267BF01B00B58978 /* Products */;
			projectDirPath = "";
			projectRoot = "";
			targets = (
				2A192958267BF01B00B58978 /* WorkoutTogether */,
				2A192969267BF01C00B58978 /* WorkoutTogetherTests */,
				2A192974267BF01C00B58978 /* WorkoutTogetherUITests */,
			);
		};
/* End PBXProject section */

/* Begin PBXResourcesBuildPhase section */
		2A192957267BF01B00B58978 /* Resources */ = {
			isa = PBXResourcesBuildPhase;
			buildActionMask = 2147483647;
			files = (
				2A192964267BF01C00B58978 /* Preview Assets.xcassets in Resources */,
				2A192961267BF01C00B58978 /* Assets.xcassets in Resources */,
			);
			runOnlyForDeploymentPostprocessing = 0;
		};
		2A192968267BF01C00B58978 /* Resources */ = {
			isa = PBXResourcesBuildPhase;
			buildActionMask = 2147483647;
			files = (
			);
			runOnlyForDeploymentPostprocessing = 0;
		};
		2A192973267BF01C00B58978 /* Resources */ = {
			isa = PBXResourcesBuildPhase;
			buildActionMask = 2147483647;
			files = (
			);
			runOnlyForDeploymentPostprocessing = 0;
		};
/* End PBXResourcesBuildPhase section */

/* Begin PBXSourcesBuildPhase section */
		2A192955267BF01B00B58978 /* Sources */ = {
			isa = PBXSourcesBuildPhase;
			buildActionMask = 2147483647;
			files = (
				2A19295F267BF01B00B58978 /* ContentView.swift in Sources */,
				2A19295D267BF01B00B58978 /* WorkoutTogetherApp.swift in Sources */,
			);
			runOnlyForDeploymentPostprocessing = 0;
		};
		2A192966267BF01C00B58978 /* Sources */ = {
			isa = PBXSourcesBuildPhase;
			buildActionMask = 2147483647;
			files = (
				2A19296F267BF01C00B58978 /* WorkoutTogetherTests.swift in Sources */,
			);
			runOnlyForDeploymentPostprocessing = 0;
		};
		2A192971267BF01C00B58978 /* Sources */ = {
			isa = PBXSourcesBuildPhase;
			buildActionMask = 2147483647;
			files = (
				2A19297A267BF01C00B58978 /* WorkoutTogetherUITests.swift in Sources */,
			);
			runOnlyForDeploymentPostprocessing = 0;
		};
/* End PBXSourcesBuildPhase section */

/* Begin PBXTargetDependency section */
		2A19296C267BF01C00B58978 /* PBXTargetDependency */ = {
			isa = PBXTargetDependency;
			target = 2A192958267BF01B00B58978 /* WorkoutTogether */;
			targetProxy = 2A19296B267BF01C00B58978 /* PBXContainerItemProxy */;
		};
		2A192977267BF01C00B58978 /* PBXTargetDependency */ = {
			isa = PBXTargetDependency;
			target = 2A192958267BF01B00B58978 /* WorkoutTogether */;
			targetProxy = 2A192976267BF01C00B58978 /* PBXContainerItemProxy */;
		};
/* End PBXTargetDependency section */

/* Begin XCBuildConfiguration section */
		2A19297C267BF01C00B58978 /* Debug */ = {
			isa = XCBuildConfiguration;
			buildSettings = {
				ALWAYS_SEARCH_USER_PATHS = NO;
				CLANG_ANALYZER_NONNULL = YES;
				CLANG_ANALYZER_NUMBER_OBJECT_CONVERSION = YES_AGGRESSIVE;
				CLANG_CXX_LANGUAGE_STANDARD = "gnu++14";
				CLANG_CXX_LIBRARY = "libc++";
				CLANG_ENABLE_MODULES = YES;
				CLANG_ENABLE_OBJC_ARC = YES;
				CLANG_ENABLE_OBJC_WEAK = YES;
				CLANG_WARN_BLOCK_CAPTURE_AUTORELEASING = YES;
				CLANG_WARN_BOOL_CONVERSION = YES;
				CLANG_WARN_COMMA = YES;
				CLANG_WARN_CONSTANT_CONVERSION = YES;
				CLANG_WARN_DEPRECATED_OBJC_IMPLEMENTATIONS = YES;
				CLANG_WARN_DIRECT_OBJC_ISA_USAGE = YES_ERROR;
				CLANG_WARN_DOCUMENTATION_COMMENTS = YES;
				CLANG_WARN_EMPTY_BODY = YES;
				CLANG_WARN_ENUM_CONVERSION = YES;
				CLANG_WARN_INFINITE_RECURSION = YES;
				CLANG_WARN_INT_CONVERSION = YES;
				CLANG_WARN_NON_LITERAL_NULL_CONVERSION = YES;
				CLANG_WARN_OBJC_IMPLICIT_RETAIN_SELF = YES;
				CLANG_WARN_OBJC_LITERAL_CONVERSION = YES;
				CLANG_WARN_OBJC_ROOT_CLASS = YES_ERROR;
				CLANG_WARN_QUOTED_INCLUDE_IN_FRAMEWORK_HEADER = YES;
				CLANG_WARN_RANGE_LOOP_ANALYSIS = YES;
				CLANG_WARN_STRICT_PROTOTYPES = YES;
				CLANG_WARN_SUSPICIOUS_MOVE = YES;
				CLANG_WARN_UNGUARDED_AVAILABILITY = YES_AGGRESSIVE;
				CLANG_WARN_UNREACHABLE_CODE = YES;
				CLANG_WARN__DUPLICATE_METHOD_MATCH = YES;
				COPY_PHASE_STRIP = NO;
				DEBUG_INFORMATION_FORMAT = dwarf;
				ENABLE_STRICT_OBJC_MSGSEND = YES;
				ENABLE_TESTABILITY = YES;
				GCC_C_LANGUAGE_STANDARD = gnu11;
				GCC_DYNAMIC_NO_PIC = NO;
				GCC_NO_COMMON_BLOCKS = YES;
				GCC_OPTIMIZATION_LEVEL = 0;
				GCC_PREPROCESSOR_DEFINITIONS = (
					"DEBUG=1",
					"$(inherited)",
				);
				GCC_WARN_64_TO_32_BIT_CONVERSION = YES;
				GCC_WARN_ABOUT_RETURN_TYPE = YES_ERROR;
				GCC_WARN_UNDECLARED_SELECTOR = YES;
				GCC_WARN_UNINITIALIZED_AUTOS = YES_AGGRESSIVE;
				GCC_WARN_UNUSED_FUNCTION = YES;
				GCC_WARN_UNUSED_VARIABLE = YES;
				IPHONEOS_DEPLOYMENT_TARGET = 14.5;
				MTL_ENABLE_DEBUG_INFO = INCLUDE_SOURCE;
				MTL_FAST_MATH = YES;
				ONLY_ACTIVE_ARCH = YES;
				SDKROOT = iphoneos;
				SWIFT_ACTIVE_COMPILATION_CONDITIONS = DEBUG;
				SWIFT_OPTIMIZATION_LEVEL = "-Onone";
			};
			name = Debug;
		};
		2A19297D267BF01C00B58978 /* Release */ = {
			isa = XCBuildConfiguration;
			buildSettings = {
				ALWAYS_SEARCH_USER_PATHS = NO;
				CLANG_ANALYZER_NONNULL = YES;
				CLANG_ANALYZER_NUMBER_OBJECT_CONVERSION = YES_AGGRESSIVE;
				CLANG_CXX_LANGUAGE_STANDARD = "gnu++14";
				CLANG_CXX_LIBRARY = "libc++";
				CLANG_ENABLE_MODULES = YES;
				CLANG_ENABLE_OBJC_ARC = YES;
				CLANG_ENABLE_OBJC_WEAK = YES;
				CLANG_WARN_BLOCK_CAPTURE_AUTORELEASING = YES;
				CLANG_WARN_BOOL_CONVERSION = YES;
				CLANG_WARN_COMMA = YES;
				CLANG_WARN_CONSTANT_CONVERSION = YES;
				CLANG_WARN_DEPRECATED_OBJC_IMPLEMENTATIONS = YES;
				CLANG_WARN_DIRECT_OBJC_ISA_USAGE = YES_ERROR;
				CLANG_WARN_DOCUMENTATION_COMMENTS = YES;
				CLANG_WARN_EMPTY_BODY = YES;
				CLANG_WARN_ENUM_CONVERSION = YES;
				CLANG_WARN_INFINITE_RECURSION = YES;
				CLANG_WARN_INT_CONVERSION = YES;
				CLANG_WARN_NON_LITERAL_NULL_CONVERSION = YES;
				CLANG_WARN_OBJC_IMPLICIT_RETAIN_SELF = YES;
				CLANG_WARN_OBJC_LITERAL_CONVERSION = YES;
				CLANG_WARN_OBJC_ROOT_CLASS = YES_ERROR;
				CLANG_WARN_QUOTED_INCLUDE_IN_FRAMEWORK_HEADER = YES;
				CLANG_WARN_RANGE_LOOP_ANALYSIS = YES;
				CLANG_WARN_STRICT_PROTOTYPES = YES;
				CLANG_WARN_SUSPICIOUS_MOVE = YES;
				CLANG_WARN_UNGUARDED_AVAILABILITY = YES_AGGRESSIVE;
				CLANG_WARN_UNREACHABLE_CODE = YES;
				CLANG_WARN__DUPLICATE_METHOD_MATCH = YES;
				COPY_PHASE_STRIP = NO;
				DEBUG_INFORMATION_FORMAT = "dwarf-with-dsym";
				ENABLE_NS_ASSERTIONS = NO;
				ENABLE_STRICT_OBJC_MSGSEND = YES;
				GCC_C_LANGUAGE_STANDARD = gnu11;
				GCC_NO_COMMON_BLOCKS = YES;
				GCC_WARN_64_TO_32_BIT_CONVERSION = YES;
				GCC_WARN_ABOUT_RETURN_TYPE = YES_ERROR;
				GCC_WARN_UNDECLARED_SELECTOR = YES;
				GCC_WARN_UNINITIALIZED_AUTOS = YES_AGGRESSIVE;
				GCC_WARN_UNUSED_FUNCTION = YES;
				GCC_WARN_UNUSED_VARIABLE = YES;
				IPHONEOS_DEPLOYMENT_TARGET = 14.5;
				MTL_ENABLE_DEBUG_INFO = NO;
				MTL_FAST_MATH = YES;
				SDKROOT = iphoneos;
				SWIFT_COMPILATION_MODE = wholemodule;
				SWIFT_OPTIMIZATION_LEVEL = "-O";
				VALIDATE_PRODUCT = YES;
			};
			name = Release;
		};
		2A19297F267BF01C00B58978 /* Debug */ = {
			isa = XCBuildConfiguration;
			buildSettings = {
				ASSETCATALOG_COMPILER_APPICON_NAME = AppIcon;
				ASSETCATALOG_COMPILER_GLOBAL_ACCENT_COLOR_NAME = AccentColor;
				CODE_SIGN_STYLE = Automatic;
				DEVELOPMENT_ASSET_PATHS = "\"WorkoutTogether/Preview Content\"";
				ENABLE_PREVIEWS = YES;
				INFOPLIST_FILE = WorkoutTogether/Info.plist;
				IPHONEOS_DEPLOYMENT_TARGET = 14.0;
				LD_RUNPATH_SEARCH_PATHS = (
					"$(inherited)",
					"@executable_path/Frameworks",
				);
				PRODUCT_BUNDLE_IDENTIFIER = crystal.WorkoutTogether;
				PRODUCT_NAME = "$(TARGET_NAME)";
				SWIFT_VERSION = 5.0;
				TARGETED_DEVICE_FAMILY = "1,2";
			};
			name = Debug;
		};
		2A192980267BF01C00B58978 /* Release */ = {
			isa = XCBuildConfiguration;
			buildSettings = {
				ASSETCATALOG_COMPILER_APPICON_NAME = AppIcon;
				ASSETCATALOG_COMPILER_GLOBAL_ACCENT_COLOR_NAME = AccentColor;
				CODE_SIGN_STYLE = Automatic;
				DEVELOPMENT_ASSET_PATHS = "\"WorkoutTogether/Preview Content\"";
				ENABLE_PREVIEWS = YES;
				INFOPLIST_FILE = WorkoutTogether/Info.plist;
				IPHONEOS_DEPLOYMENT_TARGET = 14.0;
				LD_RUNPATH_SEARCH_PATHS = (
					"$(inherited)",
					"@executable_path/Frameworks",
				);
				PRODUCT_BUNDLE_IDENTIFIER = crystal.WorkoutTogether;
				PRODUCT_NAME = "$(TARGET_NAME)";
				SWIFT_VERSION = 5.0;
				TARGETED_DEVICE_FAMILY = "1,2";
			};
			name = Release;
		};
		2A192982267BF01C00B58978 /* Debug */ = {
			isa = XCBuildConfiguration;
			buildSettings = {
				ALWAYS_EMBED_SWIFT_STANDARD_LIBRARIES = YES;
				BUNDLE_LOADER = "$(TEST_HOST)";
				CODE_SIGN_STYLE = Automatic;
				INFOPLIST_FILE = WorkoutTogetherTests/Info.plist;
				IPHONEOS_DEPLOYMENT_TARGET = 14.0;
				LD_RUNPATH_SEARCH_PATHS = (
					"$(inherited)",
					"@executable_path/Frameworks",
					"@loader_path/Frameworks",
				);
				PRODUCT_BUNDLE_IDENTIFIER = crystal.WorkoutTogetherTests;
				PRODUCT_NAME = "$(TARGET_NAME)";
				SWIFT_VERSION = 5.0;
				TARGETED_DEVICE_FAMILY = "1,2";
				TEST_HOST = "$(BUILT_PRODUCTS_DIR)/WorkoutTogether.app/WorkoutTogether";
			};
			name = Debug;
		};
		2A192983267BF01C00B58978 /* Release */ = {
			isa = XCBuildConfiguration;
			buildSettings = {
				ALWAYS_EMBED_SWIFT_STANDARD_LIBRARIES = YES;
				BUNDLE_LOADER = "$(TEST_HOST)";
				CODE_SIGN_STYLE = Automatic;
				INFOPLIST_FILE = WorkoutTogetherTests/Info.plist;
				IPHONEOS_DEPLOYMENT_TARGET = 14.0;
				LD_RUNPATH_SEARCH_PATHS = (
					"$(inherited)",
					"@executable_path/Frameworks",
					"@loader_path/Frameworks",
				);
				PRODUCT_BUNDLE_IDENTIFIER = crystal.WorkoutTogetherTests;
				PRODUCT_NAME = "$(TARGET_NAME)";
				SWIFT_VERSION = 5.0;
				TARGETED_DEVICE_FAMILY = "1,2";
				TEST_HOST = "$(BUILT_PRODUCTS_DIR)/WorkoutTogether.app/WorkoutTogether";
			};
			name = Release;
		};
		2A192985267BF01C00B58978 /* Debug */ = {
			isa = XCBuildConfiguration;
			buildSettings = {
				ALWAYS_EMBED_SWIFT_STANDARD_LIBRARIES = YES;
				CODE_SIGN_STYLE = Automatic;
				INFOPLIST_FILE = WorkoutTogetherUITests/Info.plist;
				LD_RUNPATH_SEARCH_PATHS = (
					"$(inherited)",
					"@executable_path/Frameworks",
					"@loader_path/Frameworks",
				);
				PRODUCT_BUNDLE_IDENTIFIER = crystal.WorkoutTogetherUITests;
				PRODUCT_NAME = "$(TARGET_NAME)";
				SWIFT_VERSION = 5.0;
				TARGETED_DEVICE_FAMILY = "1,2";
				TEST_TARGET_NAME = WorkoutTogether;
			};
			name = Debug;
		};
		2A192986267BF01C00B58978 /* Release */ = {
			isa = XCBuildConfiguration;
			buildSettings = {
				ALWAYS_EMBED_SWIFT_STANDARD_LIBRARIES = YES;
				CODE_SIGN_STYLE = Automatic;
				INFOPLIST_FILE = WorkoutTogetherUITests/Info.plist;
				LD_RUNPATH_SEARCH_PATHS = (
					"$(inherited)",
					"@executable_path/Frameworks",
					"@loader_path/Frameworks",
				);
				PRODUCT_BUNDLE_IDENTIFIER = crystal.WorkoutTogetherUITests;
				PRODUCT_NAME = "$(TARGET_NAME)";
				SWIFT_VERSION = 5.0;
				TARGETED_DEVICE_FAMILY = "1,2";
				TEST_TARGET_NAME = WorkoutTogether;
			};
			name = Release;
		};
/* End XCBuildConfiguration section */

/* Begin XCConfigurationList section */
		2A192954267BF01B00B58978 /* Build configuration list for PBXProject "WorkoutTogether" */ = {
			isa = XCConfigurationList;
			buildConfigurations = (
				2A19297C267BF01C00B58978 /* Debug */,
				2A19297D267BF01C00B58978 /* Release */,
			);
			defaultConfigurationIsVisible = 0;
			defaultConfigurationName = Release;
		};
		2A19297E267BF01C00B58978 /* Build configuration list for PBXNativeTarget "WorkoutTogether" */ = {
			isa = XCConfigurationList;
			buildConfigurations = (
				2A19297F267BF01C00B58978 /* Debug */,
				2A192980267BF01C00B58978 /* Release */,
			);
			defaultConfigurationIsVisible = 0;
			defaultConfigurationName = Release;
		};
		2A192981267BF01C00B58978 /* Build configuration list for PBXNativeTarget "WorkoutTogetherTests" */ = {
			isa = XCConfigurationList;
			buildConfigurations = (
				2A192982267BF01C00B58978 /* Debug */,
				2A192983267BF01C00B58978 /* Release */,
			);
			defaultConfigurationIsVisible = 0;
			defaultConfigurationName = Release;
		};
		2A192984267BF01C00B58978 /* Build configuration list for PBXNativeTarget "WorkoutTogetherUITests" */ = {
			isa = XCConfigurationList;
			buildConfigurations = (
				2A192985267BF01C00B58978 /* Debug */,
				2A192986267BF01C00B58978 /* Release */,
			);
			defaultConfigurationIsVisible = 0;
			defaultConfigurationName = Release;
		};
/* End XCConfigurationList section */
	};
	rootObject = 2A192951267BF01B00B58978 /* Project object */;
}
